Microsoft Visual Studio Solution File, Format Version 10.00
# Visual Studio 2008
Project("{8BC9CEB8-8B4A-11D0-8D11-00A0C91BC942}") = "ALL_BUILD", "ALL_BUILD.vcproj", "{23C4BEFD-0CB8-3A4D-949E-C2F7AE5F5AC4}"
	ProjectSection(ProjectDependencies) = postProject
		{10C87CA3-DCE7-33C1-B8A5-82DE6C4162BD} = {10C87CA3-DCE7-33C1-B8A5-82DE6C4162BD}
		{AA78CCA4-B110-3029-B7B3-DB5C9CB7636E} = {AA78CCA4-B110-3029-B7B3-DB5C9CB7636E}
		{2056DB9E-ECA9-3315-A235-9A39DD143CF6} = {2056DB9E-ECA9-3315-A235-9A39DD143CF6}
		{45B8D2F9-2630-3A62-A405-3C88A579BD49} = {45B8D2F9-2630-3A62-A405-3C88A579BD49}
	EndProjectSection
EndProject
Project("{8BC9CEB8-8B4A-11D0-8D11-00A0C91BC942}") = "Continuous", "Continuous.vcproj", "{FC292DFF-EB23-3A75-885B-95554D863957}"
	ProjectSection(ProjectDependencies) = postProject
		{10C87CA3-DCE7-33C1-B8A5-82DE6C4162BD} = {10C87CA3-DCE7-33C1-B8A5-82DE6C4162BD}
	EndProjectSection
EndProject
Project("{8BC9CEB8-8B4A-11D0-8D11-00A0C91BC942}") = "Experimental", "Experimental.vcproj", "{256979BF-46A4-38E4-9872-DE75D715D958}"
	ProjectSection(ProjectDependencies) = postProject
		{10C87CA3-DCE7-33C1-B8A5-82DE6C4162BD} = {10C87CA3-DCE7-33C1-B8A5-82DE6C4162BD}
	EndProjectSection
EndProject
Project("{8BC9CEB8-8B4A-11D0-8D11-00A0C91BC942}") = "INSTALL", "INSTALL.vcproj", "{EFDF019A-CBFB-3403-B986-B4A94BCAC279}"
	ProjectSection(ProjectDependencies) = postProject
		{23C4BEFD-0CB8-3A4D-949E-C2F7AE5F5AC4} = {23C4BEFD-0CB8-3A4D-949E-C2F7AE5F5AC4}
		{10C87CA3-DCE7-33C1-B8A5-82DE6C4162BD} = {10C87CA3-DCE7-33C1-B8A5-82DE6C4162BD}
	EndProjectSection
EndProject
Project("{8BC9CEB8-8B4A-11D0-8D11-00A0C91BC942}") = "Nightly", "Nightly.vcproj", "{435889CA-7B8F-3965-8B40-42F9E18E2104}"
	ProjectSection(ProjectDependencies) = postProject
		{10C87CA3-DCE7-33C1-B8A5-82DE6C4162BD} = {10C87CA3-DCE7-33C1-B8A5-82DE6C4162BD}
	EndProjectSection
EndProject
Project("{8BC9CEB8-8B4A-11D0-8D11-00A0C91BC942}") = "NightlyMemoryCheck", "NightlyMemoryCheck.vcproj", "{AA3173C0-0617-3D5C-A0BA-EBA134BDE92E}"
	ProjectSection(ProjectDependencies) = postProject
		{10C87CA3-DCE7-33C1-B8A5-82DE6C4162BD} = {10C87CA3-DCE7-33C1-B8A5-82DE6C4162BD}
	EndProjectSection
EndProject
Project("{8BC9CEB8-8B4A-11D0-8D11-00A0C91BC942}") = "PACKAGE", "PACKAGE.vcproj", "{69E98987-C167-371A-90BD-644A580228D5}"
	ProjectSection(ProjectDependencies) = postProject
		{23C4BEFD-0CB8-3A4D-949E-C2F7AE5F5AC4} = {23C4BEFD-0CB8-3A4D-949E-C2F7AE5F5AC4}
		{10C87CA3-DCE7-33C1-B8A5-82DE6C4162BD} = {10C87CA3-DCE7-33C1-B8A5-82DE6C4162BD}
	EndProjectSection
EndProject
Project("{8BC9CEB8-8B4A-11D0-8D11-00A0C91BC942}") = "RUN_TESTS", "RUN_TESTS.vcproj", "{C0F8E737-B3CE-3049-AED7-AFC5516FBAAD}"
	ProjectSection(ProjectDependencies) = postProject
		{10C87CA3-DCE7-33C1-B8A5-82DE6C4162BD} = {10C87CA3-DCE7-33C1-B8A5-82DE6C4162BD}
	EndProjectSection
EndProject
Project("{8BC9CEB8-8B4A-11D0-8D11-00A0C91BC942}") = "ZERO_CHECK", "ZERO_CHECK.vcproj", "{10C87CA3-DCE7-33C1-B8A5-82DE6C4162BD}"
EndProject
Project("{8BC9CEB8-8B4A-11D0-8D11-00A0C91BC942}") = "ogg", "ogg.vcproj", "{AA78CCA4-B110-3029-B7B3-DB5C9CB7636E}"
	ProjectSection(ProjectDependencies) = postProject
		{10C87CA3-DCE7-33C1-B8A5-82DE6C4162BD} = {10C87CA3-DCE7-33C1-B8A5-82DE6C4162BD}
	EndProjectSection
EndProject
Project("{8BC9CEB8-8B4A-11D0-8D11-00A0C91BC942}") = "test_bitwise", "test_bitwise.vcproj", "{2056DB9E-ECA9-3315-A235-9A39DD143CF6}"
	ProjectSection(ProjectDependencies) = postProject
		{10C87CA3-DCE7-33C1-B8A5-82DE6C4162BD} = {10C87CA3-DCE7-33C1-B8A5-82DE6C4162BD}
	EndProjectSection
EndProject
Project("{8BC9CEB8-8B4A-11D0-8D11-00A0C91BC942}") = "test_framing", "test_framing.vcproj", "{45B8D2F9-2630-3A62-A405-3C88A579BD49}"
	ProjectSection(ProjectDependencies) = postProject
		{10C87CA3-DCE7-33C1-B8A5-82DE6C4162BD} = {10C87CA3-DCE7-33C1-B8A5-82DE6C4162BD}
	EndProjectSection
EndProject
Global
	GlobalSection(SolutionConfigurationPlatforms) = preSolution
		Debug|Win32 = Debug|Win32
		MinSizeRel|Win32 = MinSizeRel|Win32
		Release|Win32 = Release|Win32
		RelWithDebInfo|Win32 = RelWithDebInfo|Win32
	EndGlobalSection
	GlobalSection(ProjectConfigurationPlatforms) = postSolution
		{23C4BEFD-0CB8-3A4D-949E-C2F7AE5F5AC4}.Debug|Win32.ActiveCfg = Debug|Win32
		{23C4BEFD-0CB8-3A4D-949E-C2F7AE5F5AC4}.Debug|Win32.Build.0 = Debug|Win32
		{23C4BEFD-0CB8-3A4D-949E-C2F7AE5F5AC4}.MinSizeRel|Win32.ActiveCfg = MinSizeRel|Win32
		{23C4BEFD-0CB8-3A4D-949E-C2F7AE5F5AC4}.MinSizeRel|Win32.Build.0 = MinSizeRel|Win32
		{23C4BEFD-0CB8-3A4D-949E-C2F7AE5F5AC4}.Release|Win32.ActiveCfg = Release|Win32
		{23C4BEFD-0CB8-3A4D-949E-C2F7AE5F5AC4}.Release|Win32.Build.0 = Release|Win32
		{23C4BEFD-0CB8-3A4D-949E-C2F7AE5F5AC4}.RelWithDebInfo|Win32.ActiveCfg = RelWithDebInfo|Win32
		{23C4BEFD-0CB8-3A4D-949E-C2F7AE5F5AC4}.RelWithDebInfo|Win32.Build.0 = RelWithDebInfo|Win32
		{FC292DFF-EB23-3A75-885B-95554D863957}.Debug|Win32.ActiveCfg = Debug|Win32
		{FC292DFF-EB23-3A75-885B-95554D863957}.MinSizeRel|Win32.ActiveCfg = MinSizeRel|Win32
		{FC292DFF-EB23-3A75-885B-95554D863957}.Release|Win32.ActiveCfg = Release|Win32
		{FC292DFF-EB23-3A75-885B-95554D863957}.RelWithDebInfo|Win32.ActiveCfg = RelWithDebInfo|Win32
		{256979BF-46A4-38E4-9872-DE75D715D958}.Debug|Win32.ActiveCfg = Debug|Win32
		{256979BF-46A4-38E4-9872-DE75D715D958}.MinSizeRel|Win32.ActiveCfg = MinSizeRel|Win32
		{256979BF-46A4-38E4-9872-DE75D715D958}.Release|Win32.ActiveCfg = Release|Win32
		{256979BF-46A4-38E4-9872-DE75D715D958}.RelWithDebInfo|Win32.ActiveCfg = RelWithDebInfo|Win32
		{EFDF019A-CBFB-3403-B986-B4A94BCAC279}.Debug|Win32.ActiveCfg = Debug|Win32
		{EFDF019A-CBFB-3403-B986-B4A94BCAC279}.MinSizeRel|Win32.ActiveCfg = MinSizeRel|Win32
		{EFDF019A-CBFB-3403-B986-B4A94BCAC279}.Release|Win32.ActiveCfg = Release|Win32
		{EFDF019A-CBFB-3403-B986-B4A94BCAC279}.RelWithDebInfo|Win32.ActiveCfg = RelWithDebInfo|Win32
		{435889CA-7B8F-3965-8B40-42F9E18E2104}.Debug|Win32.ActiveCfg = Debug|Win32
		{435889CA-7B8F-3965-8B40-42F9E18E2104}.MinSizeRel|Win32.ActiveCfg = MinSizeRel|Win32
		{435889CA-7B8F-3965-8B40-42F9E18E2104}.Release|Win32.ActiveCfg = Release|Win32
		{435889CA-7B8F-3965-8B40-42F9E18E2104}.RelWithDebInfo|Win32.ActiveCfg = RelWithDebInfo|Win32
		{AA3173C0-0617-3D5C-A0BA-EBA134BDE92E}.Debug|Win32.ActiveCfg = Debug|Win32
		{AA3173C0-0617-3D5C-A0BA-EBA134BDE92E}.MinSizeRel|Win32.ActiveCfg = MinSizeRel|Win32
		{AA3173C0-0617-3D5C-A0BA-EBA134BDE92E}.Release|Win32.ActiveCfg = Release|Win32
		{AA3173C0-0617-3D5C-A0BA-EBA134BDE92E}.RelWithDebInfo|Win32.ActiveCfg = RelWithDebInfo|Win32
		{69E98987-C167-371A-90BD-644A580228D5}.Debug|Win32.ActiveCfg = Debug|Win32
		{69E98987-C167-371A-90BD-644A580228D5}.MinSizeRel|Win32.ActiveCfg = MinSizeRel|Win32
		{69E98987-C167-371A-90BD-644A580228D5}.Release|Win32.ActiveCfg = Release|Win32
		{69E98987-C167-371A-90BD-644A580228D5}.RelWithDebInfo|Win32.ActiveCfg = RelWithDebInfo|Win32
		{C0F8E737-B3CE-3049-AED7-AFC5516FBAAD}.Debug|Win32.ActiveCfg = Debug|Win32
		{C0F8E737-B3CE-3049-AED7-AFC5516FBAAD}.MinSizeRel|Win32.ActiveCfg = MinSizeRel|Win32
		{C0F8E737-B3CE-3049-AED7-AFC5516FBAAD}.Release|Win32.ActiveCfg = Release|Win32
		{C0F8E737-B3CE-3049-AED7-AFC5516FBAAD}.RelWithDebInfo|Win32.ActiveCfg = RelWithDebInfo|Win32
		{10C87CA3-DCE7-33C1-B8A5-82DE6C4162BD}.Debug|Win32.ActiveCfg = Debug|Win32
		{10C87CA3-DCE7-33C1-B8A5-82DE6C4162BD}.Debug|Win32.Build.0 = Debug|Win32
		{10C87CA3-DCE7-33C1-B8A5-82DE6C4162BD}.MinSizeRel|Win32.ActiveCfg = MinSizeRel|Win32
		{10C87CA3-DCE7-33C1-B8A5-82DE6C4162BD}.MinSizeRel|Win32.Build.0 = MinSizeRel|Win32
		{10C87CA3-DCE7-33C1-B8A5-82DE6C4162BD}.Release|Win32.ActiveCfg = Release|Win32
		{10C87CA3-DCE7-33C1-B8A5-82DE6C4162BD}.Release|Win32.Build.0 = Release|Win32
		{10C87CA3-DCE7-33C1-B8A5-82DE6C4162BD}.RelWithDebInfo|Win32.ActiveCfg = RelWithDebInfo|Win32
		{10C87CA3-DCE7-33C1-B8A5-82DE6C4162BD}.RelWithDebInfo|Win32.Build.0 = RelWithDebInfo|Win32
		{AA78CCA4-B110-3029-B7B3-DB5C9CB7636E}.Debug|Win32.ActiveCfg = Debug|Win32
		{AA78CCA4-B110-3029-B7B3-DB5C9CB7636E}.Debug|Win32.Build.0 = Debug|Win32
		{AA78CCA4-B110-3029-B7B3-DB5C9CB7636E}.MinSizeRel|Win32.ActiveCfg = MinSizeRel|Win32
		{AA78CCA4-B110-3029-B7B3-DB5C9CB7636E}.MinSizeRel|Win32.Build.0 = MinSizeRel|Win32
		{AA78CCA4-B110-3029-B7B3-DB5C9CB7636E}.Release|Win32.ActiveCfg = Release|Win32
		{AA78CCA4-B110-3029-B7B3-DB5C9CB7636E}.Release|Win32.Build.0 = Release|Win32
		{AA78CCA4-B110-3029-B7B3-DB5C9CB7636E}.RelWithDebInfo|Win32.ActiveCfg = RelWithDebInfo|Win32
		{AA78CCA4-B110-3029-B7B3-DB5C9CB7636E}.RelWithDebInfo|Win32.Build.0 = RelWithDebInfo|Win32
		{2056DB9E-ECA9-3315-A235-9A39DD143CF6}.Debug|Win32.ActiveCfg = Debug|Win32
		{2056DB9E-ECA9-3315-A235-9A39DD143CF6}.Debug|Win32.Build.0 = Debug|Win32
		{2056DB9E-ECA9-3315-A235-9A39DD143CF6}.MinSizeRel|Win32.ActiveCfg = MinSizeRel|Win32
		{2056DB9E-ECA9-3315-A235-9A39DD143CF6}.MinSizeRel|Win32.Build.0 = MinSizeRel|Win32
		{2056DB9E-ECA9-3315-A235-9A39DD143CF6}.Release|Win32.ActiveCfg = Release|Win32
		{2056DB9E-ECA9-3315-A235-9A39DD143CF6}.Release|Win32.Build.0 = Release|Win32
		{2056DB9E-ECA9-3315-A235-9A39DD143CF6}.RelWithDebInfo|Win32.ActiveCfg = RelWithDebInfo|Win32
		{2056DB9E-ECA9-3315-A235-9A39DD143CF6}.RelWithDebInfo|Win32.Build.0 = RelWithDebInfo|Win32
		{45B8D2F9-2630-3A62-A405-3C88A579BD49}.Debug|Win32.ActiveCfg = Debug|Win32
		{45B8D2F9-2630-3A62-A405-3C88A579BD49}.Debug|Win32.Build.0 = Debug|Win32
		{45B8D2F9-2630-3A62-A405-3C88A579BD49}.MinSizeRel|Win32.ActiveCfg = MinSizeRel|Win32
		{45B8D2F9-2630-3A62-A405-3C88A579BD49}.MinSizeRel|Win32.Build.0 = MinSizeRel|Win32
		{45B8D2F9-2630-3A62-A405-3C88A579BD49}.Release|Win32.ActiveCfg = Release|Win32
		{45B8D2F9-2630-3A62-A405-3C88A579BD49}.Release|Win32.Build.0 = Release|Win32
		{45B8D2F9-2630-3A62-A405-3C88A579BD49}.RelWithDebInfo|Win32.ActiveCfg = RelWithDebInfo|Win32
		{45B8D2F9-2630-3A62-A405-3C88A579BD49}.RelWithDebInfo|Win32.Build.0 = RelWithDebInfo|Win32
	EndGlobalSection
	GlobalSection(SolutionProperties) = preSolution
		HideSolutionNode = FALSE
	EndGlobalSection
	GlobalSection(ExtensibilityGlobals) = postSolution
		SolutionGuid = {78098C45-A04D-360E-9897-22F7DBC90A46}
	EndGlobalSection
EndGlobal
