Microsoft Visual Studio Solution File, Format Version 10.00
# Visual Studio 2008
Project("{8BC9CEB8-8B4A-11D0-8D11-00A0C91BC942}") = "ALL_BUILD", "ALL_BUILD.vcproj", "{E3AA240D-FEBD-396B-B700-851189651767}"
	ProjectSection(ProjectDependencies) = postProject
		{620A66B2-70ED-3FE1-A5F8-630FF2C57743} = {620A66B2-70ED-3FE1-A5F8-630FF2C57743}
		{ECF5BB16-CBF4-3D8D-82CD-15C33EED0DF8} = {ECF5BB16-CBF4-3D8D-82CD-15C33EED0DF8}
		{EA1AF515-EACC-34D6-8CBC-39569B0F0F56} = {EA1AF515-EACC-34D6-8CBC-39569B0F0F56}
		{18928553-6793-349A-BAE7-EA5C837A450B} = {18928553-6793-349A-BAE7-EA5C837A450B}
		{43B6289E-98B6-34AC-9128-E0F82F0B1885} = {43B6289E-98B6-34AC-9128-E0F82F0B1885}
	EndProjectSection
EndProject
Project("{8BC9CEB8-8B4A-11D0-8D11-00A0C91BC942}") = "INSTALL", "INSTALL.vcproj", "{5D357D6B-8E18-3E18-B025-3B30BADFEB0F}"
	ProjectSection(ProjectDependencies) = postProject
		{E3AA240D-FEBD-396B-B700-851189651767} = {E3AA240D-FEBD-396B-B700-851189651767}
		{620A66B2-70ED-3FE1-A5F8-630FF2C57743} = {620A66B2-70ED-3FE1-A5F8-630FF2C57743}
	EndProjectSection
EndProject
Project("{8BC9CEB8-8B4A-11D0-8D11-00A0C91BC942}") = "ZERO_CHECK", "ZERO_CHECK.vcproj", "{620A66B2-70ED-3FE1-A5F8-630FF2C57743}"
	ProjectSection(ProjectDependencies) = postProject
	EndProjectSection
EndProject
Project("{8BC9CEB8-8B4A-11D0-8D11-00A0C91BC942}") = "allegro", "allegro.vcproj", "{ECF5BB16-CBF4-3D8D-82CD-15C33EED0DF8}"
	ProjectSection(ProjectDependencies) = postProject
		{620A66B2-70ED-3FE1-A5F8-630FF2C57743} = {620A66B2-70ED-3FE1-A5F8-630FF2C57743}
	EndProjectSection
EndProject
Project("{8BC9CEB8-8B4A-11D0-8D11-00A0C91BC942}") = "jpgalleg", "addons\jpgalleg\jpgalleg.vcproj", "{EA1AF515-EACC-34D6-8CBC-39569B0F0F56}"
	ProjectSection(ProjectDependencies) = postProject
		{620A66B2-70ED-3FE1-A5F8-630FF2C57743} = {620A66B2-70ED-3FE1-A5F8-630FF2C57743}
		{ECF5BB16-CBF4-3D8D-82CD-15C33EED0DF8} = {ECF5BB16-CBF4-3D8D-82CD-15C33EED0DF8}
	EndProjectSection
EndProject
Project("{8BC9CEB8-8B4A-11D0-8D11-00A0C91BC942}") = "loadpng", "addons\loadpng\loadpng.vcproj", "{18928553-6793-349A-BAE7-EA5C837A450B}"
	ProjectSection(ProjectDependencies) = postProject
		{620A66B2-70ED-3FE1-A5F8-630FF2C57743} = {620A66B2-70ED-3FE1-A5F8-630FF2C57743}
		{ECF5BB16-CBF4-3D8D-82CD-15C33EED0DF8} = {ECF5BB16-CBF4-3D8D-82CD-15C33EED0DF8}
	EndProjectSection
EndProject
Project("{8BC9CEB8-8B4A-11D0-8D11-00A0C91BC942}") = "logg", "addons\logg\logg.vcproj", "{43B6289E-98B6-34AC-9128-E0F82F0B1885}"
	ProjectSection(ProjectDependencies) = postProject
		{620A66B2-70ED-3FE1-A5F8-630FF2C57743} = {620A66B2-70ED-3FE1-A5F8-630FF2C57743}
		{ECF5BB16-CBF4-3D8D-82CD-15C33EED0DF8} = {ECF5BB16-CBF4-3D8D-82CD-15C33EED0DF8}
	EndProjectSection
EndProject
Global
	GlobalSection(SolutionConfigurationPlatforms) = preSolution
		Debug|Win32 = Debug|Win32
	EndGlobalSection
	GlobalSection(ProjectConfigurationPlatforms) = postSolution
		{E3AA240D-FEBD-396B-B700-851189651767}.Debug|Win32.ActiveCfg = Debug|Win32
		{E3AA240D-FEBD-396B-B700-851189651767}.Debug|Win32.Build.0 = Debug|Win32
		{5D357D6B-8E18-3E18-B025-3B30BADFEB0F}.Debug|Win32.ActiveCfg = Debug|Win32
		{620A66B2-70ED-3FE1-A5F8-630FF2C57743}.Debug|Win32.ActiveCfg = Debug|Win32
		{620A66B2-70ED-3FE1-A5F8-630FF2C57743}.Debug|Win32.Build.0 = Debug|Win32
		{ECF5BB16-CBF4-3D8D-82CD-15C33EED0DF8}.Debug|Win32.ActiveCfg = Debug|Win32
		{ECF5BB16-CBF4-3D8D-82CD-15C33EED0DF8}.Debug|Win32.Build.0 = Debug|Win32
		{EA1AF515-EACC-34D6-8CBC-39569B0F0F56}.Debug|Win32.ActiveCfg = Debug|Win32
		{EA1AF515-EACC-34D6-8CBC-39569B0F0F56}.Debug|Win32.Build.0 = Debug|Win32
		{18928553-6793-349A-BAE7-EA5C837A450B}.Debug|Win32.ActiveCfg = Debug|Win32
		{18928553-6793-349A-BAE7-EA5C837A450B}.Debug|Win32.Build.0 = Debug|Win32
		{43B6289E-98B6-34AC-9128-E0F82F0B1885}.Debug|Win32.ActiveCfg = Debug|Win32
		{43B6289E-98B6-34AC-9128-E0F82F0B1885}.Debug|Win32.Build.0 = Debug|Win32
	EndGlobalSection
	GlobalSection(ExtensibilityGlobals) = postSolution
		SolutionGuid = {19021098-111C-33A6-A953-0107C94DC260}
	EndGlobalSection
	GlobalSection(ExtensibilityAddIns) = postSolution
	EndGlobalSection
EndGlobal
