Microsoft Visual Studio Solution File, Format Version 10.00
# Visual Studio 2008
Project("{8BC9CEB8-8B4A-11D0-8D11-00A0C91BC942}") = "ALL_BUILD", "ALL_BUILD.vcproj", "{15F45569-34E9-3746-900D-BED1F315CDED}"
	ProjectSection(ProjectDependencies) = postProject
		{D3F93593-B1A3-3148-A96B-24A1F0CA277D} = {D3F93593-B1A3-3148-A96B-24A1F0CA277D}
		{4045E67B-67B7-3F68-A850-151FFBB73CAF} = {4045E67B-67B7-3F68-A850-151FFBB73CAF}
		{CEC89655-AB1E-3D78-AE55-647A9FF6CE70} = {CEC89655-AB1E-3D78-AE55-647A9FF6CE70}
		{05B9BB5F-8B0C-304D-93AC-BFCA32F4DC2A} = {05B9BB5F-8B0C-304D-93AC-BFCA32F4DC2A}
	EndProjectSection
EndProject
Project("{8BC9CEB8-8B4A-11D0-8D11-00A0C91BC942}") = "INSTALL", "INSTALL.vcproj", "{7DF1F4C6-DF22-365C-A13F-DD46A8380DD1}"
	ProjectSection(ProjectDependencies) = postProject
		{15F45569-34E9-3746-900D-BED1F315CDED} = {15F45569-34E9-3746-900D-BED1F315CDED}
		{D3F93593-B1A3-3148-A96B-24A1F0CA277D} = {D3F93593-B1A3-3148-A96B-24A1F0CA277D}
	EndProjectSection
EndProject
Project("{8BC9CEB8-8B4A-11D0-8D11-00A0C91BC942}") = "ZERO_CHECK", "ZERO_CHECK.vcproj", "{D3F93593-B1A3-3148-A96B-24A1F0CA277D}"
EndProject
Project("{8BC9CEB8-8B4A-11D0-8D11-00A0C91BC942}") = "vorbis", "lib\vorbis.vcproj", "{4045E67B-67B7-3F68-A850-151FFBB73CAF}"
	ProjectSection(ProjectDependencies) = postProject
		{D3F93593-B1A3-3148-A96B-24A1F0CA277D} = {D3F93593-B1A3-3148-A96B-24A1F0CA277D}
	EndProjectSection
EndProject
Project("{8BC9CEB8-8B4A-11D0-8D11-00A0C91BC942}") = "vorbisenc", "lib\vorbisenc.vcproj", "{CEC89655-AB1E-3D78-AE55-647A9FF6CE70}"
	ProjectSection(ProjectDependencies) = postProject
		{D3F93593-B1A3-3148-A96B-24A1F0CA277D} = {D3F93593-B1A3-3148-A96B-24A1F0CA277D}
		{4045E67B-67B7-3F68-A850-151FFBB73CAF} = {4045E67B-67B7-3F68-A850-151FFBB73CAF}
	EndProjectSection
EndProject
Project("{8BC9CEB8-8B4A-11D0-8D11-00A0C91BC942}") = "vorbisfile", "lib\vorbisfile.vcproj", "{05B9BB5F-8B0C-304D-93AC-BFCA32F4DC2A}"
	ProjectSection(ProjectDependencies) = postProject
		{D3F93593-B1A3-3148-A96B-24A1F0CA277D} = {D3F93593-B1A3-3148-A96B-24A1F0CA277D}
		{4045E67B-67B7-3F68-A850-151FFBB73CAF} = {4045E67B-67B7-3F68-A850-151FFBB73CAF}
	EndProjectSection
EndProject
Global
	GlobalSection(SolutionConfigurationPlatforms) = preSolution
		Debug|Win32 = Debug|Win32
		MinSizeRel|Win32 = MinSizeRel|Win32
		Release|Win32 = Release|Win32
		RelWithDebInfo|Win32 = RelWithDebInfo|Win32
	EndGlobalSection
	GlobalSection(ProjectConfigurationPlatforms) = postSolution
		{15F45569-34E9-3746-900D-BED1F315CDED}.Debug|Win32.ActiveCfg = Debug|Win32
		{15F45569-34E9-3746-900D-BED1F315CDED}.Debug|Win32.Build.0 = Debug|Win32
		{15F45569-34E9-3746-900D-BED1F315CDED}.MinSizeRel|Win32.ActiveCfg = MinSizeRel|Win32
		{15F45569-34E9-3746-900D-BED1F315CDED}.MinSizeRel|Win32.Build.0 = MinSizeRel|Win32
		{15F45569-34E9-3746-900D-BED1F315CDED}.Release|Win32.ActiveCfg = Release|Win32
		{15F45569-34E9-3746-900D-BED1F315CDED}.Release|Win32.Build.0 = Release|Win32
		{15F45569-34E9-3746-900D-BED1F315CDED}.RelWithDebInfo|Win32.ActiveCfg = RelWithDebInfo|Win32
		{15F45569-34E9-3746-900D-BED1F315CDED}.RelWithDebInfo|Win32.Build.0 = RelWithDebInfo|Win32
		{7DF1F4C6-DF22-365C-A13F-DD46A8380DD1}.Debug|Win32.ActiveCfg = Debug|Win32
		{7DF1F4C6-DF22-365C-A13F-DD46A8380DD1}.MinSizeRel|Win32.ActiveCfg = MinSizeRel|Win32
		{7DF1F4C6-DF22-365C-A13F-DD46A8380DD1}.Release|Win32.ActiveCfg = Release|Win32
		{7DF1F4C6-DF22-365C-A13F-DD46A8380DD1}.RelWithDebInfo|Win32.ActiveCfg = RelWithDebInfo|Win32
		{D3F93593-B1A3-3148-A96B-24A1F0CA277D}.Debug|Win32.ActiveCfg = Debug|Win32
		{D3F93593-B1A3-3148-A96B-24A1F0CA277D}.Debug|Win32.Build.0 = Debug|Win32
		{D3F93593-B1A3-3148-A96B-24A1F0CA277D}.MinSizeRel|Win32.ActiveCfg = MinSizeRel|Win32
		{D3F93593-B1A3-3148-A96B-24A1F0CA277D}.MinSizeRel|Win32.Build.0 = MinSizeRel|Win32
		{D3F93593-B1A3-3148-A96B-24A1F0CA277D}.Release|Win32.ActiveCfg = Release|Win32
		{D3F93593-B1A3-3148-A96B-24A1F0CA277D}.Release|Win32.Build.0 = Release|Win32
		{D3F93593-B1A3-3148-A96B-24A1F0CA277D}.RelWithDebInfo|Win32.ActiveCfg = RelWithDebInfo|Win32
		{D3F93593-B1A3-3148-A96B-24A1F0CA277D}.RelWithDebInfo|Win32.Build.0 = RelWithDebInfo|Win32
		{4045E67B-67B7-3F68-A850-151FFBB73CAF}.Debug|Win32.ActiveCfg = Debug|Win32
		{4045E67B-67B7-3F68-A850-151FFBB73CAF}.Debug|Win32.Build.0 = Debug|Win32
		{4045E67B-67B7-3F68-A850-151FFBB73CAF}.MinSizeRel|Win32.ActiveCfg = MinSizeRel|Win32
		{4045E67B-67B7-3F68-A850-151FFBB73CAF}.MinSizeRel|Win32.Build.0 = MinSizeRel|Win32
		{4045E67B-67B7-3F68-A850-151FFBB73CAF}.Release|Win32.ActiveCfg = Release|Win32
		{4045E67B-67B7-3F68-A850-151FFBB73CAF}.Release|Win32.Build.0 = Release|Win32
		{4045E67B-67B7-3F68-A850-151FFBB73CAF}.RelWithDebInfo|Win32.ActiveCfg = RelWithDebInfo|Win32
		{4045E67B-67B7-3F68-A850-151FFBB73CAF}.RelWithDebInfo|Win32.Build.0 = RelWithDebInfo|Win32
		{CEC89655-AB1E-3D78-AE55-647A9FF6CE70}.Debug|Win32.ActiveCfg = Debug|Win32
		{CEC89655-AB1E-3D78-AE55-647A9FF6CE70}.Debug|Win32.Build.0 = Debug|Win32
		{CEC89655-AB1E-3D78-AE55-647A9FF6CE70}.MinSizeRel|Win32.ActiveCfg = MinSizeRel|Win32
		{CEC89655-AB1E-3D78-AE55-647A9FF6CE70}.MinSizeRel|Win32.Build.0 = MinSizeRel|Win32
		{CEC89655-AB1E-3D78-AE55-647A9FF6CE70}.Release|Win32.ActiveCfg = Release|Win32
		{CEC89655-AB1E-3D78-AE55-647A9FF6CE70}.Release|Win32.Build.0 = Release|Win32
		{CEC89655-AB1E-3D78-AE55-647A9FF6CE70}.RelWithDebInfo|Win32.ActiveCfg = RelWithDebInfo|Win32
		{CEC89655-AB1E-3D78-AE55-647A9FF6CE70}.RelWithDebInfo|Win32.Build.0 = RelWithDebInfo|Win32
		{05B9BB5F-8B0C-304D-93AC-BFCA32F4DC2A}.Debug|Win32.ActiveCfg = Debug|Win32
		{05B9BB5F-8B0C-304D-93AC-BFCA32F4DC2A}.Debug|Win32.Build.0 = Debug|Win32
		{05B9BB5F-8B0C-304D-93AC-BFCA32F4DC2A}.MinSizeRel|Win32.ActiveCfg = MinSizeRel|Win32
		{05B9BB5F-8B0C-304D-93AC-BFCA32F4DC2A}.MinSizeRel|Win32.Build.0 = MinSizeRel|Win32
		{05B9BB5F-8B0C-304D-93AC-BFCA32F4DC2A}.Release|Win32.ActiveCfg = Release|Win32
		{05B9BB5F-8B0C-304D-93AC-BFCA32F4DC2A}.Release|Win32.Build.0 = Release|Win32
		{05B9BB5F-8B0C-304D-93AC-BFCA32F4DC2A}.RelWithDebInfo|Win32.ActiveCfg = RelWithDebInfo|Win32
		{05B9BB5F-8B0C-304D-93AC-BFCA32F4DC2A}.RelWithDebInfo|Win32.Build.0 = RelWithDebInfo|Win32
	EndGlobalSection
	GlobalSection(SolutionProperties) = preSolution
		HideSolutionNode = FALSE
	EndGlobalSection
	GlobalSection(ExtensibilityGlobals) = postSolution
		SolutionGuid = {F3D9B747-3698-36BE-8BCE-E9635A42FAB3}
	EndGlobalSection
EndGlobal
