Microsoft Visual Studio Solution File, Format Version 10.00
# Visual Studio 2008
Project("{8BC9CEB8-8B4A-11D0-8D11-00A0C91BC942}") = "ALL_BUILD", "ALL_BUILD.vcproj", "{3B2F40FE-E7D5-33C8-9564-23023779B6AF}"
	ProjectSection(ProjectDependencies) = postProject
		{0C562F8D-DB92-35C5-A273-C0DDCC28DDBD} = {0C562F8D-DB92-35C5-A273-C0DDCC28DDBD}
		{19830D6C-7BDD-311A-8D7A-640AC3AC2DDA} = {19830D6C-7BDD-311A-8D7A-640AC3AC2DDA}
		{7F1F8B65-BE3D-3A2F-ADF3-6599E03AF855} = {7F1F8B65-BE3D-3A2F-ADF3-6599E03AF855}
		{755AEC51-5997-3F01-B6D4-41D709016FA7} = {755AEC51-5997-3F01-B6D4-41D709016FA7}
		{034188E8-911D-3775-9438-3EF411A5801A} = {034188E8-911D-3775-9438-3EF411A5801A}
		{8726441E-5152-3515-95BF-A44A376A82C3} = {8726441E-5152-3515-95BF-A44A376A82C3}
		{7CB5BA94-EC65-3BC3-AB96-5F1E2B97A0EF} = {7CB5BA94-EC65-3BC3-AB96-5F1E2B97A0EF}
		{A9E14018-37E8-3B85-94D5-9293A87254BC} = {A9E14018-37E8-3B85-94D5-9293A87254BC}
		{F9F22A61-0360-3CF1-B039-0B10839CC0B4} = {F9F22A61-0360-3CF1-B039-0B10839CC0B4}
		{5496F77E-F4C6-3802-A869-5F31D4ED50E7} = {5496F77E-F4C6-3802-A869-5F31D4ED50E7}
	EndProjectSection
EndProject
Project("{8BC9CEB8-8B4A-11D0-8D11-00A0C91BC942}") = "INSTALL", "INSTALL.vcproj", "{E6638CFA-DB6E-39D2-8C14-3EA167527EED}"
	ProjectSection(ProjectDependencies) = postProject
		{3B2F40FE-E7D5-33C8-9564-23023779B6AF} = {3B2F40FE-E7D5-33C8-9564-23023779B6AF}
		{0C562F8D-DB92-35C5-A273-C0DDCC28DDBD} = {0C562F8D-DB92-35C5-A273-C0DDCC28DDBD}
	EndProjectSection
EndProject
Project("{8BC9CEB8-8B4A-11D0-8D11-00A0C91BC942}") = "RUN_TESTS", "RUN_TESTS.vcproj", "{EFAB1F82-4D79-3943-8724-1353FF47298A}"
	ProjectSection(ProjectDependencies) = postProject
		{0C562F8D-DB92-35C5-A273-C0DDCC28DDBD} = {0C562F8D-DB92-35C5-A273-C0DDCC28DDBD}
	EndProjectSection
EndProject
Project("{8BC9CEB8-8B4A-11D0-8D11-00A0C91BC942}") = "ZERO_CHECK", "ZERO_CHECK.vcproj", "{0C562F8D-DB92-35C5-A273-C0DDCC28DDBD}"
EndProject
Project("{8BC9CEB8-8B4A-11D0-8D11-00A0C91BC942}") = "genfiles", "genfiles.vcproj", "{DE06A7BA-870E-384D-9CDF-A8FBCCC651E0}"
	ProjectSection(ProjectDependencies) = postProject
		{0C562F8D-DB92-35C5-A273-C0DDCC28DDBD} = {0C562F8D-DB92-35C5-A273-C0DDCC28DDBD}
	EndProjectSection
EndProject
Project("{8BC9CEB8-8B4A-11D0-8D11-00A0C91BC942}") = "png", "png.vcproj", "{19830D6C-7BDD-311A-8D7A-640AC3AC2DDA}"
	ProjectSection(ProjectDependencies) = postProject
		{0C562F8D-DB92-35C5-A273-C0DDCC28DDBD} = {0C562F8D-DB92-35C5-A273-C0DDCC28DDBD}
		{DE06A7BA-870E-384D-9CDF-A8FBCCC651E0} = {DE06A7BA-870E-384D-9CDF-A8FBCCC651E0}
	EndProjectSection
EndProject
Project("{8BC9CEB8-8B4A-11D0-8D11-00A0C91BC942}") = "png-fix-itxt", "png-fix-itxt.vcproj", "{7F1F8B65-BE3D-3A2F-ADF3-6599E03AF855}"
	ProjectSection(ProjectDependencies) = postProject
		{0C562F8D-DB92-35C5-A273-C0DDCC28DDBD} = {0C562F8D-DB92-35C5-A273-C0DDCC28DDBD}
	EndProjectSection
EndProject
Project("{8BC9CEB8-8B4A-11D0-8D11-00A0C91BC942}") = "png_static", "png_static.vcproj", "{755AEC51-5997-3F01-B6D4-41D709016FA7}"
	ProjectSection(ProjectDependencies) = postProject
		{0C562F8D-DB92-35C5-A273-C0DDCC28DDBD} = {0C562F8D-DB92-35C5-A273-C0DDCC28DDBD}
		{DE06A7BA-870E-384D-9CDF-A8FBCCC651E0} = {DE06A7BA-870E-384D-9CDF-A8FBCCC651E0}
	EndProjectSection
EndProject
Project("{8BC9CEB8-8B4A-11D0-8D11-00A0C91BC942}") = "pngfix", "pngfix.vcproj", "{034188E8-911D-3775-9438-3EF411A5801A}"
	ProjectSection(ProjectDependencies) = postProject
		{0C562F8D-DB92-35C5-A273-C0DDCC28DDBD} = {0C562F8D-DB92-35C5-A273-C0DDCC28DDBD}
		{19830D6C-7BDD-311A-8D7A-640AC3AC2DDA} = {19830D6C-7BDD-311A-8D7A-640AC3AC2DDA}
	EndProjectSection
EndProject
Project("{8BC9CEB8-8B4A-11D0-8D11-00A0C91BC942}") = "pngimage", "pngimage.vcproj", "{8726441E-5152-3515-95BF-A44A376A82C3}"
	ProjectSection(ProjectDependencies) = postProject
		{0C562F8D-DB92-35C5-A273-C0DDCC28DDBD} = {0C562F8D-DB92-35C5-A273-C0DDCC28DDBD}
		{19830D6C-7BDD-311A-8D7A-640AC3AC2DDA} = {19830D6C-7BDD-311A-8D7A-640AC3AC2DDA}
	EndProjectSection
EndProject
Project("{8BC9CEB8-8B4A-11D0-8D11-00A0C91BC942}") = "pngstest", "pngstest.vcproj", "{7CB5BA94-EC65-3BC3-AB96-5F1E2B97A0EF}"
	ProjectSection(ProjectDependencies) = postProject
		{0C562F8D-DB92-35C5-A273-C0DDCC28DDBD} = {0C562F8D-DB92-35C5-A273-C0DDCC28DDBD}
		{19830D6C-7BDD-311A-8D7A-640AC3AC2DDA} = {19830D6C-7BDD-311A-8D7A-640AC3AC2DDA}
	EndProjectSection
EndProject
Project("{8BC9CEB8-8B4A-11D0-8D11-00A0C91BC942}") = "pngtest", "pngtest.vcproj", "{A9E14018-37E8-3B85-94D5-9293A87254BC}"
	ProjectSection(ProjectDependencies) = postProject
		{0C562F8D-DB92-35C5-A273-C0DDCC28DDBD} = {0C562F8D-DB92-35C5-A273-C0DDCC28DDBD}
		{19830D6C-7BDD-311A-8D7A-640AC3AC2DDA} = {19830D6C-7BDD-311A-8D7A-640AC3AC2DDA}
	EndProjectSection
EndProject
Project("{8BC9CEB8-8B4A-11D0-8D11-00A0C91BC942}") = "pngunknown", "pngunknown.vcproj", "{F9F22A61-0360-3CF1-B039-0B10839CC0B4}"
	ProjectSection(ProjectDependencies) = postProject
		{0C562F8D-DB92-35C5-A273-C0DDCC28DDBD} = {0C562F8D-DB92-35C5-A273-C0DDCC28DDBD}
		{19830D6C-7BDD-311A-8D7A-640AC3AC2DDA} = {19830D6C-7BDD-311A-8D7A-640AC3AC2DDA}
	EndProjectSection
EndProject
Project("{8BC9CEB8-8B4A-11D0-8D11-00A0C91BC942}") = "pngvalid", "pngvalid.vcproj", "{5496F77E-F4C6-3802-A869-5F31D4ED50E7}"
	ProjectSection(ProjectDependencies) = postProject
		{0C562F8D-DB92-35C5-A273-C0DDCC28DDBD} = {0C562F8D-DB92-35C5-A273-C0DDCC28DDBD}
		{19830D6C-7BDD-311A-8D7A-640AC3AC2DDA} = {19830D6C-7BDD-311A-8D7A-640AC3AC2DDA}
	EndProjectSection
EndProject
Global
	GlobalSection(SolutionConfigurationPlatforms) = preSolution
		Debug|Win32 = Debug|Win32
		MinSizeRel|Win32 = MinSizeRel|Win32
		Release|Win32 = Release|Win32
		RelWithDebInfo|Win32 = RelWithDebInfo|Win32
	EndGlobalSection
	GlobalSection(ProjectConfigurationPlatforms) = postSolution
		{3B2F40FE-E7D5-33C8-9564-23023779B6AF}.Debug|Win32.ActiveCfg = Debug|Win32
		{3B2F40FE-E7D5-33C8-9564-23023779B6AF}.Debug|Win32.Build.0 = Debug|Win32
		{3B2F40FE-E7D5-33C8-9564-23023779B6AF}.MinSizeRel|Win32.ActiveCfg = MinSizeRel|Win32
		{3B2F40FE-E7D5-33C8-9564-23023779B6AF}.MinSizeRel|Win32.Build.0 = MinSizeRel|Win32
		{3B2F40FE-E7D5-33C8-9564-23023779B6AF}.Release|Win32.ActiveCfg = Release|Win32
		{3B2F40FE-E7D5-33C8-9564-23023779B6AF}.Release|Win32.Build.0 = Release|Win32
		{3B2F40FE-E7D5-33C8-9564-23023779B6AF}.RelWithDebInfo|Win32.ActiveCfg = RelWithDebInfo|Win32
		{3B2F40FE-E7D5-33C8-9564-23023779B6AF}.RelWithDebInfo|Win32.Build.0 = RelWithDebInfo|Win32
		{E6638CFA-DB6E-39D2-8C14-3EA167527EED}.Debug|Win32.ActiveCfg = Debug|Win32
		{E6638CFA-DB6E-39D2-8C14-3EA167527EED}.MinSizeRel|Win32.ActiveCfg = MinSizeRel|Win32
		{E6638CFA-DB6E-39D2-8C14-3EA167527EED}.Release|Win32.ActiveCfg = Release|Win32
		{E6638CFA-DB6E-39D2-8C14-3EA167527EED}.RelWithDebInfo|Win32.ActiveCfg = RelWithDebInfo|Win32
		{EFAB1F82-4D79-3943-8724-1353FF47298A}.Debug|Win32.ActiveCfg = Debug|Win32
		{EFAB1F82-4D79-3943-8724-1353FF47298A}.MinSizeRel|Win32.ActiveCfg = MinSizeRel|Win32
		{EFAB1F82-4D79-3943-8724-1353FF47298A}.Release|Win32.ActiveCfg = Release|Win32
		{EFAB1F82-4D79-3943-8724-1353FF47298A}.RelWithDebInfo|Win32.ActiveCfg = RelWithDebInfo|Win32
		{0C562F8D-DB92-35C5-A273-C0DDCC28DDBD}.Debug|Win32.ActiveCfg = Debug|Win32
		{0C562F8D-DB92-35C5-A273-C0DDCC28DDBD}.Debug|Win32.Build.0 = Debug|Win32
		{0C562F8D-DB92-35C5-A273-C0DDCC28DDBD}.MinSizeRel|Win32.ActiveCfg = MinSizeRel|Win32
		{0C562F8D-DB92-35C5-A273-C0DDCC28DDBD}.MinSizeRel|Win32.Build.0 = MinSizeRel|Win32
		{0C562F8D-DB92-35C5-A273-C0DDCC28DDBD}.Release|Win32.ActiveCfg = Release|Win32
		{0C562F8D-DB92-35C5-A273-C0DDCC28DDBD}.Release|Win32.Build.0 = Release|Win32
		{0C562F8D-DB92-35C5-A273-C0DDCC28DDBD}.RelWithDebInfo|Win32.ActiveCfg = RelWithDebInfo|Win32
		{0C562F8D-DB92-35C5-A273-C0DDCC28DDBD}.RelWithDebInfo|Win32.Build.0 = RelWithDebInfo|Win32
		{DE06A7BA-870E-384D-9CDF-A8FBCCC651E0}.Debug|Win32.ActiveCfg = Debug|Win32
		{DE06A7BA-870E-384D-9CDF-A8FBCCC651E0}.Debug|Win32.Build.0 = Debug|Win32
		{DE06A7BA-870E-384D-9CDF-A8FBCCC651E0}.MinSizeRel|Win32.ActiveCfg = MinSizeRel|Win32
		{DE06A7BA-870E-384D-9CDF-A8FBCCC651E0}.MinSizeRel|Win32.Build.0 = MinSizeRel|Win32
		{DE06A7BA-870E-384D-9CDF-A8FBCCC651E0}.Release|Win32.ActiveCfg = Release|Win32
		{DE06A7BA-870E-384D-9CDF-A8FBCCC651E0}.Release|Win32.Build.0 = Release|Win32
		{DE06A7BA-870E-384D-9CDF-A8FBCCC651E0}.RelWithDebInfo|Win32.ActiveCfg = RelWithDebInfo|Win32
		{DE06A7BA-870E-384D-9CDF-A8FBCCC651E0}.RelWithDebInfo|Win32.Build.0 = RelWithDebInfo|Win32
		{19830D6C-7BDD-311A-8D7A-640AC3AC2DDA}.Debug|Win32.ActiveCfg = Debug|Win32
		{19830D6C-7BDD-311A-8D7A-640AC3AC2DDA}.Debug|Win32.Build.0 = Debug|Win32
		{19830D6C-7BDD-311A-8D7A-640AC3AC2DDA}.MinSizeRel|Win32.ActiveCfg = MinSizeRel|Win32
		{19830D6C-7BDD-311A-8D7A-640AC3AC2DDA}.MinSizeRel|Win32.Build.0 = MinSizeRel|Win32
		{19830D6C-7BDD-311A-8D7A-640AC3AC2DDA}.Release|Win32.ActiveCfg = Release|Win32
		{19830D6C-7BDD-311A-8D7A-640AC3AC2DDA}.Release|Win32.Build.0 = Release|Win32
		{19830D6C-7BDD-311A-8D7A-640AC3AC2DDA}.RelWithDebInfo|Win32.ActiveCfg = RelWithDebInfo|Win32
		{19830D6C-7BDD-311A-8D7A-640AC3AC2DDA}.RelWithDebInfo|Win32.Build.0 = RelWithDebInfo|Win32
		{7F1F8B65-BE3D-3A2F-ADF3-6599E03AF855}.Debug|Win32.ActiveCfg = Debug|Win32
		{7F1F8B65-BE3D-3A2F-ADF3-6599E03AF855}.Debug|Win32.Build.0 = Debug|Win32
		{7F1F8B65-BE3D-3A2F-ADF3-6599E03AF855}.MinSizeRel|Win32.ActiveCfg = MinSizeRel|Win32
		{7F1F8B65-BE3D-3A2F-ADF3-6599E03AF855}.MinSizeRel|Win32.Build.0 = MinSizeRel|Win32
		{7F1F8B65-BE3D-3A2F-ADF3-6599E03AF855}.Release|Win32.ActiveCfg = Release|Win32
		{7F1F8B65-BE3D-3A2F-ADF3-6599E03AF855}.Release|Win32.Build.0 = Release|Win32
		{7F1F8B65-BE3D-3A2F-ADF3-6599E03AF855}.RelWithDebInfo|Win32.ActiveCfg = RelWithDebInfo|Win32
		{7F1F8B65-BE3D-3A2F-ADF3-6599E03AF855}.RelWithDebInfo|Win32.Build.0 = RelWithDebInfo|Win32
		{755AEC51-5997-3F01-B6D4-41D709016FA7}.Debug|Win32.ActiveCfg = Debug|Win32
		{755AEC51-5997-3F01-B6D4-41D709016FA7}.Debug|Win32.Build.0 = Debug|Win32
		{755AEC51-5997-3F01-B6D4-41D709016FA7}.MinSizeRel|Win32.ActiveCfg = MinSizeRel|Win32
		{755AEC51-5997-3F01-B6D4-41D709016FA7}.MinSizeRel|Win32.Build.0 = MinSizeRel|Win32
		{755AEC51-5997-3F01-B6D4-41D709016FA7}.Release|Win32.ActiveCfg = Release|Win32
		{755AEC51-5997-3F01-B6D4-41D709016FA7}.Release|Win32.Build.0 = Release|Win32
		{755AEC51-5997-3F01-B6D4-41D709016FA7}.RelWithDebInfo|Win32.ActiveCfg = RelWithDebInfo|Win32
		{755AEC51-5997-3F01-B6D4-41D709016FA7}.RelWithDebInfo|Win32.Build.0 = RelWithDebInfo|Win32
		{034188E8-911D-3775-9438-3EF411A5801A}.Debug|Win32.ActiveCfg = Debug|Win32
		{034188E8-911D-3775-9438-3EF411A5801A}.Debug|Win32.Build.0 = Debug|Win32
		{034188E8-911D-3775-9438-3EF411A5801A}.MinSizeRel|Win32.ActiveCfg = MinSizeRel|Win32
		{034188E8-911D-3775-9438-3EF411A5801A}.MinSizeRel|Win32.Build.0 = MinSizeRel|Win32
		{034188E8-911D-3775-9438-3EF411A5801A}.Release|Win32.ActiveCfg = Release|Win32
		{034188E8-911D-3775-9438-3EF411A5801A}.Release|Win32.Build.0 = Release|Win32
		{034188E8-911D-3775-9438-3EF411A5801A}.RelWithDebInfo|Win32.ActiveCfg = RelWithDebInfo|Win32
		{034188E8-911D-3775-9438-3EF411A5801A}.RelWithDebInfo|Win32.Build.0 = RelWithDebInfo|Win32
		{8726441E-5152-3515-95BF-A44A376A82C3}.Debug|Win32.ActiveCfg = Debug|Win32
		{8726441E-5152-3515-95BF-A44A376A82C3}.Debug|Win32.Build.0 = Debug|Win32
		{8726441E-5152-3515-95BF-A44A376A82C3}.MinSizeRel|Win32.ActiveCfg = MinSizeRel|Win32
		{8726441E-5152-3515-95BF-A44A376A82C3}.MinSizeRel|Win32.Build.0 = MinSizeRel|Win32
		{8726441E-5152-3515-95BF-A44A376A82C3}.Release|Win32.ActiveCfg = Release|Win32
		{8726441E-5152-3515-95BF-A44A376A82C3}.Release|Win32.Build.0 = Release|Win32
		{8726441E-5152-3515-95BF-A44A376A82C3}.RelWithDebInfo|Win32.ActiveCfg = RelWithDebInfo|Win32
		{8726441E-5152-3515-95BF-A44A376A82C3}.RelWithDebInfo|Win32.Build.0 = RelWithDebInfo|Win32
		{7CB5BA94-EC65-3BC3-AB96-5F1E2B97A0EF}.Debug|Win32.ActiveCfg = Debug|Win32
		{7CB5BA94-EC65-3BC3-AB96-5F1E2B97A0EF}.Debug|Win32.Build.0 = Debug|Win32
		{7CB5BA94-EC65-3BC3-AB96-5F1E2B97A0EF}.MinSizeRel|Win32.ActiveCfg = MinSizeRel|Win32
		{7CB5BA94-EC65-3BC3-AB96-5F1E2B97A0EF}.MinSizeRel|Win32.Build.0 = MinSizeRel|Win32
		{7CB5BA94-EC65-3BC3-AB96-5F1E2B97A0EF}.Release|Win32.ActiveCfg = Release|Win32
		{7CB5BA94-EC65-3BC3-AB96-5F1E2B97A0EF}.Release|Win32.Build.0 = Release|Win32
		{7CB5BA94-EC65-3BC3-AB96-5F1E2B97A0EF}.RelWithDebInfo|Win32.ActiveCfg = RelWithDebInfo|Win32
		{7CB5BA94-EC65-3BC3-AB96-5F1E2B97A0EF}.RelWithDebInfo|Win32.Build.0 = RelWithDebInfo|Win32
		{A9E14018-37E8-3B85-94D5-9293A87254BC}.Debug|Win32.ActiveCfg = Debug|Win32
		{A9E14018-37E8-3B85-94D5-9293A87254BC}.Debug|Win32.Build.0 = Debug|Win32
		{A9E14018-37E8-3B85-94D5-9293A87254BC}.MinSizeRel|Win32.ActiveCfg = MinSizeRel|Win32
		{A9E14018-37E8-3B85-94D5-9293A87254BC}.MinSizeRel|Win32.Build.0 = MinSizeRel|Win32
		{A9E14018-37E8-3B85-94D5-9293A87254BC}.Release|Win32.ActiveCfg = Release|Win32
		{A9E14018-37E8-3B85-94D5-9293A87254BC}.Release|Win32.Build.0 = Release|Win32
		{A9E14018-37E8-3B85-94D5-9293A87254BC}.RelWithDebInfo|Win32.ActiveCfg = RelWithDebInfo|Win32
		{A9E14018-37E8-3B85-94D5-9293A87254BC}.RelWithDebInfo|Win32.Build.0 = RelWithDebInfo|Win32
		{F9F22A61-0360-3CF1-B039-0B10839CC0B4}.Debug|Win32.ActiveCfg = Debug|Win32
		{F9F22A61-0360-3CF1-B039-0B10839CC0B4}.Debug|Win32.Build.0 = Debug|Win32
		{F9F22A61-0360-3CF1-B039-0B10839CC0B4}.MinSizeRel|Win32.ActiveCfg = MinSizeRel|Win32
		{F9F22A61-0360-3CF1-B039-0B10839CC0B4}.MinSizeRel|Win32.Build.0 = MinSizeRel|Win32
		{F9F22A61-0360-3CF1-B039-0B10839CC0B4}.Release|Win32.ActiveCfg = Release|Win32
		{F9F22A61-0360-3CF1-B039-0B10839CC0B4}.Release|Win32.Build.0 = Release|Win32
		{F9F22A61-0360-3CF1-B039-0B10839CC0B4}.RelWithDebInfo|Win32.ActiveCfg = RelWithDebInfo|Win32
		{F9F22A61-0360-3CF1-B039-0B10839CC0B4}.RelWithDebInfo|Win32.Build.0 = RelWithDebInfo|Win32
		{5496F77E-F4C6-3802-A869-5F31D4ED50E7}.Debug|Win32.ActiveCfg = Debug|Win32
		{5496F77E-F4C6-3802-A869-5F31D4ED50E7}.Debug|Win32.Build.0 = Debug|Win32
		{5496F77E-F4C6-3802-A869-5F31D4ED50E7}.MinSizeRel|Win32.ActiveCfg = MinSizeRel|Win32
		{5496F77E-F4C6-3802-A869-5F31D4ED50E7}.MinSizeRel|Win32.Build.0 = MinSizeRel|Win32
		{5496F77E-F4C6-3802-A869-5F31D4ED50E7}.Release|Win32.ActiveCfg = Release|Win32
		{5496F77E-F4C6-3802-A869-5F31D4ED50E7}.Release|Win32.Build.0 = Release|Win32
		{5496F77E-F4C6-3802-A869-5F31D4ED50E7}.RelWithDebInfo|Win32.ActiveCfg = RelWithDebInfo|Win32
		{5496F77E-F4C6-3802-A869-5F31D4ED50E7}.RelWithDebInfo|Win32.Build.0 = RelWithDebInfo|Win32
	EndGlobalSection
	GlobalSection(SolutionProperties) = preSolution
		HideSolutionNode = FALSE
	EndGlobalSection
	GlobalSection(ExtensibilityGlobals) = postSolution
		SolutionGuid = {A4AFD36B-49D4-3E39-9643-DDD3E04312CB}
	EndGlobalSection
EndGlobal
