Microsoft Visual Studio Solution File, Format Version 10.00
# Visual Studio 2008
Project("{8BC9CEB8-8B4A-11D0-8D11-00A0C91BC942}") = "ALL_BUILD", "ALL_BUILD.vcproj", "{43A9B429-B389-38A7-923A-32900901C192}"
	ProjectSection(ProjectDependencies) = postProject
		{68E380F8-2916-367E-ABA1-7010EEC8D897} = {68E380F8-2916-367E-ABA1-7010EEC8D897}
		{1F639F8D-48EA-35CC-AF2B-6670D0999BC8} = {1F639F8D-48EA-35CC-AF2B-6670D0999BC8}
		{C076BB43-6900-3925-889F-38B357D1C2A6} = {C076BB43-6900-3925-889F-38B357D1C2A6}
		{2D683B88-3AA2-3A64-8B6C-D288573A062C} = {2D683B88-3AA2-3A64-8B6C-D288573A062C}
		{6DBC03C4-50F4-306A-B1A6-920F5B9D5684} = {6DBC03C4-50F4-306A-B1A6-920F5B9D5684}
	EndProjectSection
EndProject
Project("{8BC9CEB8-8B4A-11D0-8D11-00A0C91BC942}") = "INSTALL", "INSTALL.vcproj", "{70DEF341-2F58-3322-AAAC-7A38BCD77058}"
	ProjectSection(ProjectDependencies) = postProject
		{43A9B429-B389-38A7-923A-32900901C192} = {43A9B429-B389-38A7-923A-32900901C192}
		{68E380F8-2916-367E-ABA1-7010EEC8D897} = {68E380F8-2916-367E-ABA1-7010EEC8D897}
	EndProjectSection
EndProject
Project("{8BC9CEB8-8B4A-11D0-8D11-00A0C91BC942}") = "RUN_TESTS", "RUN_TESTS.vcproj", "{C501235D-50E4-3398-A9B5-FAEA6D8FCAFA}"
	ProjectSection(ProjectDependencies) = postProject
		{68E380F8-2916-367E-ABA1-7010EEC8D897} = {68E380F8-2916-367E-ABA1-7010EEC8D897}
	EndProjectSection
EndProject
Project("{8BC9CEB8-8B4A-11D0-8D11-00A0C91BC942}") = "ZERO_CHECK", "ZERO_CHECK.vcproj", "{68E380F8-2916-367E-ABA1-7010EEC8D897}"
EndProject
Project("{8BC9CEB8-8B4A-11D0-8D11-00A0C91BC942}") = "example", "example.vcproj", "{1F639F8D-48EA-35CC-AF2B-6670D0999BC8}"
	ProjectSection(ProjectDependencies) = postProject
		{68E380F8-2916-367E-ABA1-7010EEC8D897} = {68E380F8-2916-367E-ABA1-7010EEC8D897}
		{2D683B88-3AA2-3A64-8B6C-D288573A062C} = {2D683B88-3AA2-3A64-8B6C-D288573A062C}
	EndProjectSection
EndProject
Project("{8BC9CEB8-8B4A-11D0-8D11-00A0C91BC942}") = "minigzip", "minigzip.vcproj", "{C076BB43-6900-3925-889F-38B357D1C2A6}"
	ProjectSection(ProjectDependencies) = postProject
		{68E380F8-2916-367E-ABA1-7010EEC8D897} = {68E380F8-2916-367E-ABA1-7010EEC8D897}
		{2D683B88-3AA2-3A64-8B6C-D288573A062C} = {2D683B88-3AA2-3A64-8B6C-D288573A062C}
	EndProjectSection
EndProject
Project("{8BC9CEB8-8B4A-11D0-8D11-00A0C91BC942}") = "zlib", "zlib.vcproj", "{2D683B88-3AA2-3A64-8B6C-D288573A062C}"
	ProjectSection(ProjectDependencies) = postProject
		{68E380F8-2916-367E-ABA1-7010EEC8D897} = {68E380F8-2916-367E-ABA1-7010EEC8D897}
	EndProjectSection
EndProject
Project("{8BC9CEB8-8B4A-11D0-8D11-00A0C91BC942}") = "zlibstatic", "zlibstatic.vcproj", "{6DBC03C4-50F4-306A-B1A6-920F5B9D5684}"
	ProjectSection(ProjectDependencies) = postProject
		{68E380F8-2916-367E-ABA1-7010EEC8D897} = {68E380F8-2916-367E-ABA1-7010EEC8D897}
	EndProjectSection
EndProject
Global
	GlobalSection(SolutionConfigurationPlatforms) = preSolution
		Debug|Win32 = Debug|Win32
		MinSizeRel|Win32 = MinSizeRel|Win32
		Release|Win32 = Release|Win32
		RelWithDebInfo|Win32 = RelWithDebInfo|Win32
	EndGlobalSection
	GlobalSection(ProjectConfigurationPlatforms) = postSolution
		{43A9B429-B389-38A7-923A-32900901C192}.Debug|Win32.ActiveCfg = Debug|Win32
		{43A9B429-B389-38A7-923A-32900901C192}.Debug|Win32.Build.0 = Debug|Win32
		{43A9B429-B389-38A7-923A-32900901C192}.MinSizeRel|Win32.ActiveCfg = MinSizeRel|Win32
		{43A9B429-B389-38A7-923A-32900901C192}.MinSizeRel|Win32.Build.0 = MinSizeRel|Win32
		{43A9B429-B389-38A7-923A-32900901C192}.Release|Win32.ActiveCfg = Release|Win32
		{43A9B429-B389-38A7-923A-32900901C192}.Release|Win32.Build.0 = Release|Win32
		{43A9B429-B389-38A7-923A-32900901C192}.RelWithDebInfo|Win32.ActiveCfg = RelWithDebInfo|Win32
		{43A9B429-B389-38A7-923A-32900901C192}.RelWithDebInfo|Win32.Build.0 = RelWithDebInfo|Win32
		{70DEF341-2F58-3322-AAAC-7A38BCD77058}.Debug|Win32.ActiveCfg = Debug|Win32
		{70DEF341-2F58-3322-AAAC-7A38BCD77058}.MinSizeRel|Win32.ActiveCfg = MinSizeRel|Win32
		{70DEF341-2F58-3322-AAAC-7A38BCD77058}.Release|Win32.ActiveCfg = Release|Win32
		{70DEF341-2F58-3322-AAAC-7A38BCD77058}.RelWithDebInfo|Win32.ActiveCfg = RelWithDebInfo|Win32
		{C501235D-50E4-3398-A9B5-FAEA6D8FCAFA}.Debug|Win32.ActiveCfg = Debug|Win32
		{C501235D-50E4-3398-A9B5-FAEA6D8FCAFA}.MinSizeRel|Win32.ActiveCfg = MinSizeRel|Win32
		{C501235D-50E4-3398-A9B5-FAEA6D8FCAFA}.Release|Win32.ActiveCfg = Release|Win32
		{C501235D-50E4-3398-A9B5-FAEA6D8FCAFA}.RelWithDebInfo|Win32.ActiveCfg = RelWithDebInfo|Win32
		{68E380F8-2916-367E-ABA1-7010EEC8D897}.Debug|Win32.ActiveCfg = Debug|Win32
		{68E380F8-2916-367E-ABA1-7010EEC8D897}.Debug|Win32.Build.0 = Debug|Win32
		{68E380F8-2916-367E-ABA1-7010EEC8D897}.MinSizeRel|Win32.ActiveCfg = MinSizeRel|Win32
		{68E380F8-2916-367E-ABA1-7010EEC8D897}.MinSizeRel|Win32.Build.0 = MinSizeRel|Win32
		{68E380F8-2916-367E-ABA1-7010EEC8D897}.Release|Win32.ActiveCfg = Release|Win32
		{68E380F8-2916-367E-ABA1-7010EEC8D897}.Release|Win32.Build.0 = Release|Win32
		{68E380F8-2916-367E-ABA1-7010EEC8D897}.RelWithDebInfo|Win32.ActiveCfg = RelWithDebInfo|Win32
		{68E380F8-2916-367E-ABA1-7010EEC8D897}.RelWithDebInfo|Win32.Build.0 = RelWithDebInfo|Win32
		{1F639F8D-48EA-35CC-AF2B-6670D0999BC8}.Debug|Win32.ActiveCfg = Debug|Win32
		{1F639F8D-48EA-35CC-AF2B-6670D0999BC8}.Debug|Win32.Build.0 = Debug|Win32
		{1F639F8D-48EA-35CC-AF2B-6670D0999BC8}.MinSizeRel|Win32.ActiveCfg = MinSizeRel|Win32
		{1F639F8D-48EA-35CC-AF2B-6670D0999BC8}.MinSizeRel|Win32.Build.0 = MinSizeRel|Win32
		{1F639F8D-48EA-35CC-AF2B-6670D0999BC8}.Release|Win32.ActiveCfg = Release|Win32
		{1F639F8D-48EA-35CC-AF2B-6670D0999BC8}.Release|Win32.Build.0 = Release|Win32
		{1F639F8D-48EA-35CC-AF2B-6670D0999BC8}.RelWithDebInfo|Win32.ActiveCfg = RelWithDebInfo|Win32
		{1F639F8D-48EA-35CC-AF2B-6670D0999BC8}.RelWithDebInfo|Win32.Build.0 = RelWithDebInfo|Win32
		{C076BB43-6900-3925-889F-38B357D1C2A6}.Debug|Win32.ActiveCfg = Debug|Win32
		{C076BB43-6900-3925-889F-38B357D1C2A6}.Debug|Win32.Build.0 = Debug|Win32
		{C076BB43-6900-3925-889F-38B357D1C2A6}.MinSizeRel|Win32.ActiveCfg = MinSizeRel|Win32
		{C076BB43-6900-3925-889F-38B357D1C2A6}.MinSizeRel|Win32.Build.0 = MinSizeRel|Win32
		{C076BB43-6900-3925-889F-38B357D1C2A6}.Release|Win32.ActiveCfg = Release|Win32
		{C076BB43-6900-3925-889F-38B357D1C2A6}.Release|Win32.Build.0 = Release|Win32
		{C076BB43-6900-3925-889F-38B357D1C2A6}.RelWithDebInfo|Win32.ActiveCfg = RelWithDebInfo|Win32
		{C076BB43-6900-3925-889F-38B357D1C2A6}.RelWithDebInfo|Win32.Build.0 = RelWithDebInfo|Win32
		{2D683B88-3AA2-3A64-8B6C-D288573A062C}.Debug|Win32.ActiveCfg = Debug|Win32
		{2D683B88-3AA2-3A64-8B6C-D288573A062C}.Debug|Win32.Build.0 = Debug|Win32
		{2D683B88-3AA2-3A64-8B6C-D288573A062C}.MinSizeRel|Win32.ActiveCfg = MinSizeRel|Win32
		{2D683B88-3AA2-3A64-8B6C-D288573A062C}.MinSizeRel|Win32.Build.0 = MinSizeRel|Win32
		{2D683B88-3AA2-3A64-8B6C-D288573A062C}.Release|Win32.ActiveCfg = Release|Win32
		{2D683B88-3AA2-3A64-8B6C-D288573A062C}.Release|Win32.Build.0 = Release|Win32
		{2D683B88-3AA2-3A64-8B6C-D288573A062C}.RelWithDebInfo|Win32.ActiveCfg = RelWithDebInfo|Win32
		{2D683B88-3AA2-3A64-8B6C-D288573A062C}.RelWithDebInfo|Win32.Build.0 = RelWithDebInfo|Win32
		{6DBC03C4-50F4-306A-B1A6-920F5B9D5684}.Debug|Win32.ActiveCfg = Debug|Win32
		{6DBC03C4-50F4-306A-B1A6-920F5B9D5684}.Debug|Win32.Build.0 = Debug|Win32
		{6DBC03C4-50F4-306A-B1A6-920F5B9D5684}.MinSizeRel|Win32.ActiveCfg = MinSizeRel|Win32
		{6DBC03C4-50F4-306A-B1A6-920F5B9D5684}.MinSizeRel|Win32.Build.0 = MinSizeRel|Win32
		{6DBC03C4-50F4-306A-B1A6-920F5B9D5684}.Release|Win32.ActiveCfg = Release|Win32
		{6DBC03C4-50F4-306A-B1A6-920F5B9D5684}.Release|Win32.Build.0 = Release|Win32
		{6DBC03C4-50F4-306A-B1A6-920F5B9D5684}.RelWithDebInfo|Win32.ActiveCfg = RelWithDebInfo|Win32
		{6DBC03C4-50F4-306A-B1A6-920F5B9D5684}.RelWithDebInfo|Win32.Build.0 = RelWithDebInfo|Win32
	EndGlobalSection
	GlobalSection(SolutionProperties) = preSolution
		HideSolutionNode = FALSE
	EndGlobalSection
	GlobalSection(ExtensibilityGlobals) = postSolution
		SolutionGuid = {AE85AF3C-5004-3D5F-87BE-50A5A78E4AD0}
	EndGlobalSection
EndGlobal
